[[package]]
category = "dev"
description = "Atomic file writes."
marker = "sys_platform == \"win32\""
name = "atomicwrites"
optional = false
python-versions = ">=2.7, !=3.0.*, !=3.1.*, !=3.2.*, !=3.3.*"
version = "1.4.0"

[[package]]
category = "dev"
description = "Classes Without Boilerplate"
name = "attrs"
optional = false
python-versions = ">=2.7, !=3.0.*, !=3.1.*, !=3.2.*, !=3.3.*"
version = "20.3.0"

[package.extras]
dev = ["coverage (>=5.0.2)", "hypothesis", "pympler", "pytest (>=4.3.0)", "six", "zope.interface", "furo", "sphinx", "pre-commit"]
docs = ["furo", "sphinx", "zope.interface"]
tests = ["coverage (>=5.0.2)", "hypothesis", "pympler", "pytest (>=4.3.0)", "six", "zope.interface"]
tests_no_zope = ["coverage (>=5.0.2)", "hypothesis", "pympler", "pytest (>=4.3.0)", "six"]

[[package]]
category = "main"
description = "AWS signature version 4 signing process for the python requests module"
name = "aws-requests-auth"
optional = false
python-versions = "*"
version = "0.4.3"

[package.dependencies]
requests = ">=0.14.0"

[[package]]
category = "main"
description = "Screen-scraping library"
name = "beautifulsoup4"
optional = false
python-versions = "*"
version = "4.9.3"

[package.dependencies]
[package.dependencies.soupsieve]
python = ">=3.0"
version = ">1.2"

[package.extras]
html5lib = ["html5lib"]
lxml = ["lxml"]

[[package]]
category = "main"
description = "The AWS SDK for Python"
name = "boto3"
optional = false
python-versions = "*"
version = "1.16.63"

[package.dependencies]
botocore = ">=1.19.63,<1.20.0"
jmespath = ">=0.7.1,<1.0.0"
s3transfer = ">=0.3.0,<0.4.0"

[[package]]
category = "dev"
description = "Boto3 1.10.40 stubs powered by `mypy-boto3`."
name = "boto3-stubs"
optional = false
python-versions = "*"
version = "1.10.40.0"

[package.dependencies]
mypy-boto3 = "1.10.40.0"

[package.dependencies.typing_extensions]
python = "<3.8"
version = "*"

[package.extras]
accessanalyzer = ["mypy-boto3-accessanalyzer (1.10.40.0)"]
acm = ["mypy-boto3-acm (1.10.40.0)"]
acm-pca = ["mypy-boto3-acm-pca (1.10.40.0)"]
alexaforbusiness = ["mypy-boto3-alexaforbusiness (1.10.40.0)"]
amplify = ["mypy-boto3-amplify (1.10.40.0)"]
apigateway = ["mypy-boto3-apigateway (1.10.40.0)"]
apigatewaymanagementapi = ["mypy-boto3-apigatewaymanagementapi (1.10.40.0)"]
apigatewayv2 = ["mypy-boto3-apigatewayv2 (1.10.40.0)"]
appconfig = ["mypy-boto3-appconfig (1.10.40.0)"]
application-autoscaling = ["mypy-boto3-application-autoscaling (1.10.40.0)"]
application-insights = ["mypy-boto3-application-insights (1.10.40.0)"]
appmesh = ["mypy-boto3-appmesh (1.10.40.0)"]
appstream = ["mypy-boto3-appstream (1.10.40.0)"]
appsync = ["mypy-boto3-appsync (1.10.40.0)"]
athena = ["mypy-boto3-athena (1.10.40.0)"]
autoscaling = ["mypy-boto3-autoscaling (1.10.40.0)"]
autoscaling-plans = ["mypy-boto3-autoscaling-plans (1.10.40.0)"]
backup = ["mypy-boto3-backup (1.10.40.0)"]
batch = ["mypy-boto3-batch (1.10.40.0)"]
budgets = ["mypy-boto3-budgets (1.10.40.0)"]
ce = ["mypy-boto3-ce (1.10.40.0)"]
chime = ["mypy-boto3-chime (1.10.40.0)"]
cloud9 = ["mypy-boto3-cloud9 (1.10.40.0)"]
clouddirectory = ["mypy-boto3-clouddirectory (1.10.40.0)"]
cloudformation = ["mypy-boto3-cloudformation (1.10.40.0)"]
cloudfront = ["mypy-boto3-cloudfront (1.10.40.0)"]
cloudhsm = ["mypy-boto3-cloudhsm (1.10.40.0)"]
cloudhsmv2 = ["mypy-boto3-cloudhsmv2 (1.10.40.0)"]
cloudsearch = ["mypy-boto3-cloudsearch (1.10.40.0)"]
cloudsearchdomain = ["mypy-boto3-cloudsearchdomain (1.10.40.0)"]
cloudtrail = ["mypy-boto3-cloudtrail (1.10.40.0)"]
cloudwatch = ["mypy-boto3-cloudwatch (1.10.40.0)"]
codebuild = ["mypy-boto3-codebuild (1.10.40.0)"]
codecommit = ["mypy-boto3-codecommit (1.10.40.0)"]
codedeploy = ["mypy-boto3-codedeploy (1.10.40.0)"]
codeguru-reviewer = ["mypy-boto3-codeguru-reviewer (1.10.40.0)"]
codeguruprofiler = ["mypy-boto3-codeguruprofiler (1.10.40.0)"]
codepipeline = ["mypy-boto3-codepipeline (1.10.40.0)"]
codestar = ["mypy-boto3-codestar (1.10.40.0)"]
codestar-notifications = ["mypy-boto3-codestar-notifications (1.10.40.0)"]
cognito-identity = ["mypy-boto3-cognito-identity (1.10.40.0)"]
cognito-idp = ["mypy-boto3-cognito-idp (1.10.40.0)"]
cognito-sync = ["mypy-boto3-cognito-sync (1.10.40.0)"]
comprehend = ["mypy-boto3-comprehend (1.10.40.0)"]
comprehendmedical = ["mypy-boto3-comprehendmedical (1.10.40.0)"]
compute-optimizer = ["mypy-boto3-compute-optimizer (1.10.40.0)"]
config = ["mypy-boto3-config (1.10.40.0)"]
connect = ["mypy-boto3-connect (1.10.40.0)"]
connectparticipant = ["mypy-boto3-connectparticipant (1.10.40.0)"]
cur = ["mypy-boto3-cur (1.10.40.0)"]
dataexchange = ["mypy-boto3-dataexchange (1.10.40.0)"]
datapipeline = ["mypy-boto3-datapipeline (1.10.40.0)"]
datasync = ["mypy-boto3-datasync (1.10.40.0)"]
dax = ["mypy-boto3-dax (1.10.40.0)"]
detective = ["mypy-boto3-detective (1.10.40.0)"]
devicefarm = ["mypy-boto3-devicefarm (1.10.40.0)"]
directconnect = ["mypy-boto3-directconnect (1.10.40.0)"]
discovery = ["mypy-boto3-discovery (1.10.40.0)"]
dlm = ["mypy-boto3-dlm (1.10.40.0)"]
dms = ["mypy-boto3-dms (1.10.40.0)"]
docdb = ["mypy-boto3-docdb (1.10.40.0)"]
ds = ["mypy-boto3-ds (1.10.40.0)"]
dynamodb = ["mypy-boto3-dynamodb (1.10.40.0)"]
dynamodbstreams = ["mypy-boto3-dynamodbstreams (1.10.40.0)"]
ebs = ["mypy-boto3-ebs (1.10.40.0)"]
ec2 = ["mypy-boto3-ec2 (1.10.40.0)"]
ec2-instance-connect = ["mypy-boto3-ec2-instance-connect (1.10.40.0)"]
ecr = ["mypy-boto3-ecr (1.10.40.0)"]
ecs = ["mypy-boto3-ecs (1.10.40.0)"]
efs = ["mypy-boto3-efs (1.10.40.0)"]
eks = ["mypy-boto3-eks (1.10.40.0)"]
elastic-inference = ["mypy-boto3-elastic-inference (1.10.40.0)"]
elasticache = ["mypy-boto3-elasticache (1.10.40.0)"]
elasticbeanstalk = ["mypy-boto3-elasticbeanstalk (1.10.40.0)"]
elastictranscoder = ["mypy-boto3-elastictranscoder (1.10.40.0)"]
elb = ["mypy-boto3-elb (1.10.40.0)"]
elbv2 = ["mypy-boto3-elbv2 (1.10.40.0)"]
emr = ["mypy-boto3-emr (1.10.40.0)"]
es = ["mypy-boto3-es (1.10.40.0)"]
essential = ["mypy-boto3-cloudformation (1.10.40.0)", "mypy-boto3-dynamodb (1.10.40.0)", "mypy-boto3-ec2 (1.10.40.0)", "mypy-boto3-lambda (1.10.40.0)", "mypy-boto3-rds (1.10.40.0)", "mypy-boto3-s3 (1.10.40.0)", "mypy-boto3-sqs (1.10.40.0)"]
events = ["mypy-boto3-events (1.10.40.0)"]
firehose = ["mypy-boto3-firehose (1.10.40.0)"]
fms = ["mypy-boto3-fms (1.10.40.0)"]
forecast = ["mypy-boto3-forecast (1.10.40.0)"]
forecastquery = ["mypy-boto3-forecastquery (1.10.40.0)"]
frauddetector = ["mypy-boto3-frauddetector (1.10.40.0)"]
fsx = ["mypy-boto3-fsx (1.10.40.0)"]
gamelift = ["mypy-boto3-gamelift (1.10.40.0)"]
glacier = ["mypy-boto3-glacier (1.10.40.0)"]
globalaccelerator = ["mypy-boto3-globalaccelerator (1.10.40.0)"]
glue = ["mypy-boto3-glue (1.10.40.0)"]
greengrass = ["mypy-boto3-greengrass (1.10.40.0)"]
groundstation = ["mypy-boto3-groundstation (1.10.40.0)"]
guardduty = ["mypy-boto3-guardduty (1.10.40.0)"]
health = ["mypy-boto3-health (1.10.40.0)"]
iam = ["mypy-boto3-iam (1.10.40.0)"]
imagebuilder = ["mypy-boto3-imagebuilder (1.10.40.0)"]
importexport = ["mypy-boto3-importexport (1.10.40.0)"]
inspector = ["mypy-boto3-inspector (1.10.40.0)"]
iot = ["mypy-boto3-iot (1.10.40.0)"]
iot-data = ["mypy-boto3-iot-data (1.10.40.0)"]
iot-jobs-data = ["mypy-boto3-iot-jobs-data (1.10.40.0)"]
iot1click-devices = ["mypy-boto3-iot1click-devices (1.10.40.0)"]
iot1click-projects = ["mypy-boto3-iot1click-projects (1.10.40.0)"]
iotanalytics = ["mypy-boto3-iotanalytics (1.10.40.0)"]
iotevents = ["mypy-boto3-iotevents (1.10.40.0)"]
iotevents-data = ["mypy-boto3-iotevents-data (1.10.40.0)"]
iotsecuretunneling = ["mypy-boto3-iotsecuretunneling (1.10.40.0)"]
iotthingsgraph = ["mypy-boto3-iotthingsgraph (1.10.40.0)"]
kafka = ["mypy-boto3-kafka (1.10.40.0)"]
kendra = ["mypy-boto3-kendra (1.10.40.0)"]
kinesis = ["mypy-boto3-kinesis (1.10.40.0)"]
kinesis-video-archived-media = ["mypy-boto3-kinesis-video-archived-media (1.10.40.0)"]
kinesis-video-media = ["mypy-boto3-kinesis-video-media (1.10.40.0)"]
kinesis-video-signaling = ["mypy-boto3-kinesis-video-signaling (1.10.40.0)"]
kinesisanalytics = ["mypy-boto3-kinesisanalytics (1.10.40.0)"]
kinesisanalyticsv2 = ["mypy-boto3-kinesisanalyticsv2 (1.10.40.0)"]
kinesisvideo = ["mypy-boto3-kinesisvideo (1.10.40.0)"]
kms = ["mypy-boto3-kms (1.10.40.0)"]
lakeformation = ["mypy-boto3-lakeformation (1.10.40.0)"]
lambda = ["mypy-boto3-lambda (1.10.40.0)"]
lex-models = ["mypy-boto3-lex-models (1.10.40.0)"]
lex-runtime = ["mypy-boto3-lex-runtime (1.10.40.0)"]
license-manager = ["mypy-boto3-license-manager (1.10.40.0)"]
lightsail = ["mypy-boto3-lightsail (1.10.40.0)"]
logs = ["mypy-boto3-logs (1.10.40.0)"]
machinelearning = ["mypy-boto3-machinelearning (1.10.40.0)"]
macie = ["mypy-boto3-macie (1.10.40.0)"]
managedblockchain = ["mypy-boto3-managedblockchain (1.10.40.0)"]
marketplace-catalog = ["mypy-boto3-marketplace-catalog (1.10.40.0)"]
marketplace-entitlement = ["mypy-boto3-marketplace-entitlement (1.10.40.0)"]
marketplacecommerceanalytics = ["mypy-boto3-marketplacecommerceanalytics (1.10.40.0)"]
mediaconnect = ["mypy-boto3-mediaconnect (1.10.40.0)"]
mediaconvert = ["mypy-boto3-mediaconvert (1.10.40.0)"]
medialive = ["mypy-boto3-medialive (1.10.40.0)"]
mediapackage = ["mypy-boto3-mediapackage (1.10.40.0)"]
mediapackage-vod = ["mypy-boto3-mediapackage-vod (1.10.40.0)"]
mediastore = ["mypy-boto3-mediastore (1.10.40.0)"]
mediastore-data = ["mypy-boto3-mediastore-data (1.10.40.0)"]
mediatailor = ["mypy-boto3-mediatailor (1.10.40.0)"]
meteringmarketplace = ["mypy-boto3-meteringmarketplace (1.10.40.0)"]
mgh = ["mypy-boto3-mgh (1.10.40.0)"]
migrationhub-config = ["mypy-boto3-migrationhub-config (1.10.40.0)"]
mobile = ["mypy-boto3-mobile (1.10.40.0)"]
mq = ["mypy-boto3-mq (1.10.40.0)"]
mturk = ["mypy-boto3-mturk (1.10.40.0)"]
neptune = ["mypy-boto3-neptune (1.10.40.0)"]
networkmanager = ["mypy-boto3-networkmanager (1.10.40.0)"]
opsworks = ["mypy-boto3-opsworks (1.10.40.0)"]
opsworkscm = ["mypy-boto3-opsworkscm (1.10.40.0)"]
organizations = ["mypy-boto3-organizations (1.10.40.0)"]
outposts = ["mypy-boto3-outposts (1.10.40.0)"]
personalize = ["mypy-boto3-personalize (1.10.40.0)"]
personalize-events = ["mypy-boto3-personalize-events (1.10.40.0)"]
personalize-runtime = ["mypy-boto3-personalize-runtime (1.10.40.0)"]
pi = ["mypy-boto3-pi (1.10.40.0)"]
pinpoint = ["mypy-boto3-pinpoint (1.10.40.0)"]
pinpoint-email = ["mypy-boto3-pinpoint-email (1.10.40.0)"]
pinpoint-sms-voice = ["mypy-boto3-pinpoint-sms-voice (1.10.40.0)"]
polly = ["mypy-boto3-polly (1.10.40.0)"]
pricing = ["mypy-boto3-pricing (1.10.40.0)"]
qldb = ["mypy-boto3-qldb (1.10.40.0)"]
qldb-session = ["mypy-boto3-qldb-session (1.10.40.0)"]
quicksight = ["mypy-boto3-quicksight (1.10.40.0)"]
ram = ["mypy-boto3-ram (1.10.40.0)"]
rds = ["mypy-boto3-rds (1.10.40.0)"]
rds-data = ["mypy-boto3-rds-data (1.10.40.0)"]
redshift = ["mypy-boto3-redshift (1.10.40.0)"]
rekognition = ["mypy-boto3-rekognition (1.10.40.0)"]
resource-groups = ["mypy-boto3-resource-groups (1.10.40.0)"]
resourcegroupstaggingapi = ["mypy-boto3-resourcegroupstaggingapi (1.10.40.0)"]
robomaker = ["mypy-boto3-robomaker (1.10.40.0)"]
route53 = ["mypy-boto3-route53 (1.10.40.0)"]
route53domains = ["mypy-boto3-route53domains (1.10.40.0)"]
route53resolver = ["mypy-boto3-route53resolver (1.10.40.0)"]
s3 = ["mypy-boto3-s3 (1.10.40.0)"]
s3control = ["mypy-boto3-s3control (1.10.40.0)"]
sagemaker = ["mypy-boto3-sagemaker (1.10.40.0)"]
sagemaker-a2i-runtime = ["mypy-boto3-sagemaker-a2i-runtime (1.10.40.0)"]
sagemaker-runtime = ["mypy-boto3-sagemaker-runtime (1.10.40.0)"]
savingsplans = ["mypy-boto3-savingsplans (1.10.40.0)"]
schemas = ["mypy-boto3-schemas (1.10.40.0)"]
sdb = ["mypy-boto3-sdb (1.10.40.0)"]
secretsmanager = ["mypy-boto3-secretsmanager (1.10.40.0)"]
securityhub = ["mypy-boto3-securityhub (1.10.40.0)"]
serverlessrepo = ["mypy-boto3-serverlessrepo (1.10.40.0)"]
service-quotas = ["mypy-boto3-service-quotas (1.10.40.0)"]
servicecatalog = ["mypy-boto3-servicecatalog (1.10.40.0)"]
servicediscovery = ["mypy-boto3-servicediscovery (1.10.40.0)"]
ses = ["mypy-boto3-ses (1.10.40.0)"]
sesv2 = ["mypy-boto3-sesv2 (1.10.40.0)"]
shield = ["mypy-boto3-shield (1.10.40.0)"]
signer = ["mypy-boto3-signer (1.10.40.0)"]
sms = ["mypy-boto3-sms (1.10.40.0)"]
sms-voice = ["mypy-boto3-sms-voice (1.10.40.0)"]
snowball = ["mypy-boto3-snowball (1.10.40.0)"]
sns = ["mypy-boto3-sns (1.10.40.0)"]
sqs = ["mypy-boto3-sqs (1.10.40.0)"]
ssm = ["mypy-boto3-ssm (1.10.40.0)"]
sso = ["mypy-boto3-sso (1.10.40.0)"]
sso-oidc = ["mypy-boto3-sso-oidc (1.10.40.0)"]
stepfunctions = ["mypy-boto3-stepfunctions (1.10.40.0)"]
storagegateway = ["mypy-boto3-storagegateway (1.10.40.0)"]
sts = ["mypy-boto3-sts (1.10.40.0)"]
support = ["mypy-boto3-support (1.10.40.0)"]
swf = ["mypy-boto3-swf (1.10.40.0)"]
textract = ["mypy-boto3-textract (1.10.40.0)"]
transcribe = ["mypy-boto3-transcribe (1.10.40.0)"]
transfer = ["mypy-boto3-transfer (1.10.40.0)"]
translate = ["mypy-boto3-translate (1.10.40.0)"]
waf = ["mypy-boto3-waf (1.10.40.0)"]
waf-regional = ["mypy-boto3-waf-regional (1.10.40.0)"]
wafv2 = ["mypy-boto3-wafv2 (1.10.40.0)"]
workdocs = ["mypy-boto3-workdocs (1.10.40.0)"]
worklink = ["mypy-boto3-worklink (1.10.40.0)"]
workmail = ["mypy-boto3-workmail (1.10.40.0)"]
workmailmessageflow = ["mypy-boto3-workmailmessageflow (1.10.40.0)"]
workspaces = ["mypy-boto3-workspaces (1.10.40.0)"]
xray = ["mypy-boto3-xray (1.10.40.0)"]

[[package]]
category = "main"
description = "Low-level, data-driven core of boto 3."
name = "botocore"
optional = false
python-versions = "*"
version = "1.19.63"

[package.dependencies]
jmespath = ">=0.7.1,<1.0.0"
python-dateutil = ">=2.1,<3.0.0"

[package.dependencies.urllib3]
python = "<3.4.0 || >=3.5.0"
version = ">=1.25.4,<1.27"

[[package]]
category = "main"
description = "Python package for providing Mozilla's CA Bundle."
name = "certifi"
optional = false
python-versions = "*"
version = "2020.12.5"

[[package]]
category = "main"
description = "Universal encoding detector for Python 2 and 3"
name = "chardet"
optional = false
python-versions = ">=2.7, !=3.0.*, !=3.1.*, !=3.2.*, !=3.3.*, !=3.4.*"
version = "4.0.0"

[[package]]
category = "dev"
description = "Cross-platform colored terminal text."
marker = "sys_platform == \"win32\""
name = "colorama"
optional = false
python-versions = ">=2.7, !=3.0.*, !=3.1.*, !=3.2.*, !=3.3.*, !=3.4.*"
version = "0.4.4"

[[package]]
category = "dev"
description = "Code coverage measurement for Python"
name = "coverage"
optional = false
python-versions = ">=2.7, !=3.0.*, !=3.1.*, !=3.2.*, !=3.3.*, !=3.4.*, <4"
version = "5.5"

[package.extras]
toml = ["toml"]

[[package]]
category = "main"
description = "A Python library for the Docker Engine API."
name = "docker"
optional = false
python-versions = ">=2.7, !=3.0.*, !=3.1.*, !=3.2.*, !=3.3.*, !=3.4.*"
version = "4.4.4"

[package.dependencies]
pywin32 = "227"
requests = ">=2.14.2,<2.18.0 || >2.18.0"
six = ">=1.4.0"
websocket-client = ">=0.32.0"

[package.extras]
ssh = ["paramiko (>=2.4.2)"]
tls = ["pyOpenSSL (>=17.5.0)", "cryptography (>=1.3.4)", "idna (>=2.0.0)"]

[[package]]
category = "main"
description = "Python client for Elasticsearch"
name = "elasticsearch"
optional = false
python-versions = ">=2.6, !=3.0.*, !=3.1.*, !=3.2.*, <4"
version = "6.8.1"

[package.dependencies]
urllib3 = ">=1.21.1"

[package.extras]
develop = ["requests (>=2.0.0,<3.0.0)", "nose", "coverage", "mock", "pyyaml", "nosexcover", "numpy", "pandas", "sphinx (<1.7)", "sphinx-rtd-theme"]
requests = ["requests (>=2.4.0,<3.0.0)"]

[[package]]
category = "dev"
description = "the modular source code checker: pep8 pyflakes and co"
name = "flake8"
optional = false
python-versions = "!=3.0.*,!=3.1.*,!=3.2.*,!=3.3.*,!=3.4.*,>=2.7"
version = "3.9.0"

[package.dependencies]
mccabe = ">=0.6.0,<0.7.0"
pycodestyle = ">=2.7.0,<2.8.0"
pyflakes = ">=2.3.0,<2.4.0"

[package.dependencies.importlib-metadata]
python = "<3.8"
version = "*"

[[package]]
category = "dev"
description = "Plugin for nose or pytest that automatically reruns flaky tests."
name = "flaky"
optional = false
python-versions = ">=2.7, !=3.0.*, !=3.1.*, !=3.2.*, !=3.3.*"
version = "3.7.0"

[[package]]
category = "main"
description = "Git Object Database"
name = "gitdb"
optional = false
python-versions = ">=3.4"
version = "4.0.7"

[package.dependencies]
smmap = ">=3.0.1,<5"

[[package]]
category = "main"
description = "Python Git Library"
name = "gitpython"
optional = false
python-versions = ">=3.4"
version = "3.1.14"

[package.dependencies]
gitdb = ">=4.0.1,<5"

[[package]]
category = "main"
description = "Internationalized Domain Names in Applications (IDNA)"
name = "idna"
optional = false
python-versions = ">=2.7, !=3.0.*, !=3.1.*, !=3.2.*, !=3.3.*"
version = "2.10"

[[package]]
category = "dev"
description = "Read metadata from Python packages"
marker = "python_version < \"3.8\""
name = "importlib-metadata"
optional = false
python-versions = "!=3.0.*,!=3.1.*,!=3.2.*,!=3.3.*,!=3.4.*,>=2.7"
version = "2.1.1"

[package.dependencies]
zipp = ">=0.5"

[package.extras]
docs = ["sphinx", "rst.linker"]
testing = ["packaging", "pep517", "unittest2", "importlib-resources (>=1.3)"]

[[package]]
category = "dev"
description = "iniconfig: brain-dead simple config-ini parsing"
name = "iniconfig"
optional = false
python-versions = "*"
version = "1.1.1"

[[package]]
category = "main"
description = "JSON Matching Expressions"
name = "jmespath"
optional = false
python-versions = ">=2.6, !=3.0.*, !=3.1.*, !=3.2.*"
version = "0.10.0"

[[package]]
category = "dev"
description = "McCabe checker, plugin for flake8"
name = "mccabe"
optional = false
python-versions = "*"
version = "0.6.1"

[[package]]
category = "dev"
description = "Mypy-friendly boto3 1.10.40 type annotations master module."
name = "mypy-boto3"
optional = false
python-versions = "*"
version = "1.10.40.0"

[package.dependencies]
boto3 = "*"

[package.dependencies.typing_extensions]
python = "<3.8"
version = "*"

[[package]]
category = "dev"
description = "Core utilities for Python packages"
name = "packaging"
optional = false
python-versions = ">=2.7, !=3.0.*, !=3.1.*, !=3.2.*, !=3.3.*"
version = "20.9"

[package.dependencies]
pyparsing = ">=2.0.2"

[[package]]
category = "dev"
description = "Object-oriented filesystem paths"
marker = "python_version < \"3.6\""
name = "pathlib2"
optional = false
python-versions = "*"
version = "2.3.5"

[package.dependencies]
six = "*"

[[package]]
category = "dev"
description = "plugin and hook calling mechanisms for python"
name = "pluggy"
optional = false
python-versions = ">=2.7, !=3.0.*, !=3.1.*, !=3.2.*, !=3.3.*"
version = "0.13.1"

[package.dependencies]
[package.dependencies.importlib-metadata]
python = "<3.8"
version = ">=0.12"

[package.extras]
dev = ["pre-commit", "tox"]

[[package]]
category = "dev"
description = "library with cross-python path, ini-parsing, io, code, log facilities"
name = "py"
optional = false
python-versions = ">=2.7, !=3.0.*, !=3.1.*, !=3.2.*, !=3.3.*"
version = "1.10.0"

[[package]]
category = "dev"
description = "Python style guide checker"
name = "pycodestyle"
optional = false
python-versions = ">=2.7, !=3.0.*, !=3.1.*, !=3.2.*, !=3.3.*"
version = "2.7.0"

[[package]]
category = "dev"
description = "passive checker of Python programs"
name = "pyflakes"
optional = false
python-versions = ">=2.7, !=3.0.*, !=3.1.*, !=3.2.*, !=3.3.*"
version = "2.3.1"

[[package]]
category = "dev"
description = "Python parsing module"
name = "pyparsing"
optional = false
python-versions = ">=2.6, !=3.0.*, !=3.1.*, !=3.2.*"
version = "2.4.7"

[[package]]
category = "dev"
description = "pytest: simple powerful testing with Python"
name = "pytest"
optional = false
python-versions = ">=3.5"
version = "6.1.2"

[package.dependencies]
atomicwrites = ">=1.0"
attrs = ">=17.4.0"
colorama = "*"
iniconfig = "*"
packaging = "*"
pluggy = ">=0.12,<1.0"
py = ">=1.8.2"
toml = "*"

[package.dependencies.importlib-metadata]
python = "<3.8"
version = ">=0.12"

[package.dependencies.pathlib2]
python = "<3.6"
version = ">=2.2.0"

[package.extras]
checkqa_mypy = ["mypy (0.780)"]
testing = ["argcomplete", "hypothesis (>=3.56)", "mock", "nose", "requests", "xmlschema"]

[[package]]
category = "dev"
description = "Pytest plugin for measuring coverage."
name = "pytest-cov"
optional = false
python-versions = ">=2.7, !=3.0.*, !=3.1.*, !=3.2.*, !=3.3.*, !=3.4.*"
version = "2.11.1"

[package.dependencies]
coverage = ">=5.2.1"
pytest = ">=4.6"

[package.extras]
testing = ["fields", "hunter", "process-tests (2.0.2)", "six", "pytest-xdist", "virtualenv"]

[[package]]
category = "dev"
description = "Thin-wrapper around the mock package for easier use with pytest"
name = "pytest-mock"
optional = false
python-versions = ">=3.5"
version = "3.5.1"

[package.dependencies]
pytest = ">=5.0"

[package.extras]
dev = ["pre-commit", "tox", "pytest-asyncio"]

[[package]]
category = "dev"
description = "Invoke py.test as distutils command with dependency resolution"
name = "pytest-runner"
optional = false
python-versions = ">=2.7"
version = "5.2"

[package.extras]
docs = ["sphinx", "jaraco.packaging (>=3.2)", "rst.linker (>=1.9)"]
testing = ["pytest (>=3.5,<3.7.3 || >3.7.3)", "pytest-checkdocs", "pytest-flake8", "pytest-black-multipy", "pytest-cov", "pytest-virtualenv"]

[[package]]
category = "main"
description = "Extensions to the standard Python datetime module"
name = "python-dateutil"
optional = false
python-versions = "!=3.0.*,!=3.1.*,!=3.2.*,>=2.7"
version = "2.8.1"

[package.dependencies]
six = ">=1.5"

[[package]]
category = "main"
description = "World timezone definitions, modern and historical"
name = "pytz"
optional = false
python-versions = "*"
version = "2021.1"

[[package]]
category = "main"
description = "Python for Window Extensions"
marker = "sys_platform == \"win32\""
name = "pywin32"
optional = false
python-versions = "*"
version = "227"

[[package]]
category = "main"
description = "Python HTTP for Humans."
name = "requests"
optional = false
python-versions = ">=2.7, !=3.0.*, !=3.1.*, !=3.2.*, !=3.3.*, !=3.4.*"
version = "2.25.1"

[package.dependencies]
certifi = ">=2017.4.17"
chardet = ">=3.0.2,<5"
idna = ">=2.5,<3"
urllib3 = ">=1.21.1,<1.27"

[package.extras]
security = ["pyOpenSSL (>=0.14)", "cryptography (>=1.3.4)"]
socks = ["PySocks (>=1.5.6,<1.5.7 || >1.5.7)", "win-inet-pton"]

[[package]]
category = "main"
description = "An Amazon S3 Transfer Manager"
name = "s3transfer"
optional = false
python-versions = "*"
version = "0.3.6"

[package.dependencies]
botocore = ">=1.12.36,<2.0a.0"

[[package]]
category = "main"
description = "Python 2 and 3 compatibility utilities"
name = "six"
optional = false
python-versions = ">=2.7, !=3.0.*, !=3.1.*, !=3.2.*"
version = "1.15.0"

[[package]]
category = "main"
description = "A pure Python implementation of a sliding window memory map manager"
name = "smmap"
optional = false
python-versions = ">=3.5"
version = "4.0.0"

[[package]]
category = "main"
description = "A modern CSS selector implementation for Beautiful Soup."
marker = "python_version >= \"3.0\""
name = "soupsieve"
optional = false
python-versions = ">=3.5"
version = "2.1"

[[package]]
category = "main"
description = "Structured Logging for Python"
name = "structlog"
optional = false
python-versions = "*"
version = "19.2.0"

[package.dependencies]
six = "*"

[package.extras]
azure-pipelines = ["coverage", "freezegun (>=0.2.8)", "pretend", "pytest (>=3.3.0)", "simplejson", "pytest-azurepipelines", "python-rapidjson"]
dev = ["coverage", "freezegun (>=0.2.8)", "pretend", "pytest (>=3.3.0)", "simplejson", "sphinx", "twisted", "pre-commit", "python-rapidjson"]
docs = ["sphinx", "twisted"]
tests = ["coverage", "freezegun (>=0.2.8)", "pretend", "pytest (>=3.3.0)", "simplejson", "python-rapidjson"]

[[package]]
category = "main"
description = "Python Library for Tom's Obvious, Minimal Language"
name = "toml"
optional = false
python-versions = ">=2.6, !=3.0.*, !=3.1.*, !=3.2.*"
version = "0.10.2"

[[package]]
category = "dev"
description = "Backported and Experimental Type Hints for Python 3.5+"
marker = "python_version < \"3.8\""
name = "typing-extensions"
optional = false
python-versions = "*"
version = "3.7.4.3"

[[package]]
category = "main"
description = "HTTP library with thread-safe connection pooling, file post, and more."
name = "urllib3"
optional = false
python-versions = ">=2.7, !=3.0.*, !=3.1.*, !=3.2.*, !=3.3.*, !=3.4.*, <4"
version = "1.26.4"

[package.extras]
brotli = ["brotlipy (>=0.6.0)"]
secure = ["pyOpenSSL (>=0.14)", "cryptography (>=1.3.4)", "idna (>=2.0.0)", "certifi", "ipaddress"]
socks = ["PySocks (>=1.5.6,<1.5.7 || >1.5.7,<2.0)"]

[[package]]
category = "main"
description = "Waitress WSGI server"
name = "waitress"
optional = false
python-versions = "!=3.0.*,!=3.1.*,!=3.2.*,!=3.3.*,!=3.4.*,>=2.7"
version = "1.4.4"

[package.extras]
docs = ["Sphinx (>=1.8.1)", "docutils", "pylons-sphinx-themes (>=1.0.9)"]
testing = ["pytest", "pytest-cover", "coverage (>=5.0)"]

[[package]]
category = "main"
description = "WSGI request and response object"
name = "webob"
optional = false
python-versions = ">=2.7,!=3.0.*,!=3.1.*,!=3.2.*"
version = "1.8.7"

[package.extras]
docs = ["Sphinx (>=1.7.5)", "pylons-sphinx-themes"]
testing = ["pytest (>=3.1.0)", "coverage", "pytest-cov", "pytest-xdist"]

[[package]]
category = "main"
description = "WebSocket client for Python with low level API options"
name = "websocket-client"
optional = false
python-versions = ">=2.6, !=3.0.*, !=3.1.*, !=3.2.*, !=3.3.*"
version = "0.58.0"

[package.dependencies]
six = "*"

[[package]]
category = "main"
description = "Helper to test WSGI applications"
name = "webtest"
optional = false
python-versions = "*"
version = "2.0.35"

[package.dependencies]
WebOb = ">=1.2"
beautifulsoup4 = "*"
six = "*"
waitress = ">=0.8.5"

[package.extras]
docs = ["Sphinx (>=1.8.1)", "docutils", "pylons-sphinx-themes (>=1.0.8)"]
tests = ["nose (<1.3.0)", "coverage", "mock", "pastedeploy", "wsgiproxy2", "pyquery"]

[[package]]
category = "dev"
description = "Backport of pathlib-compatible object wrapper for zip files"
marker = "python_version < \"3.8\""
name = "zipp"
optional = false
python-versions = ">=2.7"
version = "1.2.0"

[package.extras]
docs = ["sphinx", "jaraco.packaging (>=3.2)", "rst.linker (>=1.9)"]
testing = ["pathlib2", "unittest2", "jaraco.itertools", "func-timeout"]

[metadata]
content-hash = "1fb8afaa4109ba2104135dd5b9b2dd8090975e8a7373f3bbce66bf9ad9b19225"
python-versions = "^3.5,<3.8"

[metadata.files]
atomicwrites = [
    {file = "atomicwrites-1.4.0-py2.py3-none-any.whl", hash = "sha256:6d1784dea7c0c8d4a5172b6c620f40b6e4cbfdf96d783691f2e1302a7b88e197"},
    {file = "atomicwrites-1.4.0.tar.gz", hash = "sha256:ae70396ad1a434f9c7046fd2dd196fc04b12f9e91ffb859164193be8b6168a7a"},
]
attrs = [
    {file = "attrs-20.3.0-py2.py3-none-any.whl", hash = "sha256:31b2eced602aa8423c2aea9c76a724617ed67cf9513173fd3a4f03e3a929c7e6"},
    {file = "attrs-20.3.0.tar.gz", hash = "sha256:832aa3cde19744e49938b91fea06d69ecb9e649c93ba974535d08ad92164f700"},
]
aws-requests-auth = [
    {file = "aws-requests-auth-0.4.3.tar.gz", hash = "sha256:33593372018b960a31dbbe236f89421678b885c35f0b6a7abfae35bb77e069b2"},
    {file = "aws_requests_auth-0.4.3-py2.py3-none-any.whl", hash = "sha256:646bc37d62140ea1c709d20148f5d43197e6bd2d63909eb36fa4bb2345759977"},
]
beautifulsoup4 = [
    {file = "beautifulsoup4-4.9.3-py2-none-any.whl", hash = "sha256:4c98143716ef1cb40bf7f39a8e3eec8f8b009509e74904ba3a7b315431577e35"},
    {file = "beautifulsoup4-4.9.3-py3-none-any.whl", hash = "sha256:fff47e031e34ec82bf17e00da8f592fe7de69aeea38be00523c04623c04fb666"},
    {file = "beautifulsoup4-4.9.3.tar.gz", hash = "sha256:84729e322ad1d5b4d25f805bfa05b902dd96450f43842c4e99067d5e1369eb25"},
]
boto3 = [
    {file = "boto3-1.16.63-py2.py3-none-any.whl", hash = "sha256:1c0003609e63e8cff51dee7a49e904bcdb20e140b5f7a10a03006289fd8c8dc1"},
    {file = "boto3-1.16.63.tar.gz", hash = "sha256:c919dac9773115025e1e2a7e462f60ca082e322bb6f4354247523e4226133b0b"},
]
boto3-stubs = [
    {file = "boto3-stubs-1.10.40.0.tar.gz", hash = "sha256:5f76c337c8812f1ff66d62ca5749d5a36a038f73cb1e5e3ffb52f45178d95138"},
]
botocore = [
    {file = "botocore-1.19.63-py2.py3-none-any.whl", hash = "sha256:ad4adfcc195b5401d84b0c65d3a89e507c1d54c201879c8761ff10ef5c361e21"},
    {file = "botocore-1.19.63.tar.gz", hash = "sha256:d3694f6ef918def8082513e5ef309cd6cd83b612e9984e3a66e8adc98c650a92"},
]
certifi = [
    {file = "certifi-2020.12.5-py2.py3-none-any.whl", hash = "sha256:719a74fb9e33b9bd44cc7f3a8d94bc35e4049deebe19ba7d8e108280cfd59830"},
    {file = "certifi-2020.12.5.tar.gz", hash = "sha256:1a4995114262bffbc2413b159f2a1a480c969de6e6eb13ee966d470af86af59c"},
]
chardet = [
    {file = "chardet-4.0.0-py2.py3-none-any.whl", hash = "sha256:f864054d66fd9118f2e67044ac8981a54775ec5b67aed0441892edb553d21da5"},
    {file = "chardet-4.0.0.tar.gz", hash = "sha256:0d6f53a15db4120f2b08c94f11e7d93d2c911ee118b6b30a04ec3ee8310179fa"},
]
colorama = [
    {file = "colorama-0.4.4-py2.py3-none-any.whl", hash = "sha256:9f47eda37229f68eee03b24b9748937c7dc3868f906e8ba69fbcbdd3bc5dc3e2"},
    {file = "colorama-0.4.4.tar.gz", hash = "sha256:5941b2b48a20143d2267e95b1c2a7603ce057ee39fd88e7329b0c292aa16869b"},
]
coverage = [
    {file = "coverage-5.5-cp27-cp27m-macosx_10_9_x86_64.whl", hash = "sha256:b6d534e4b2ab35c9f93f46229363e17f63c53ad01330df9f2d6bd1187e5eaacf"},
    {file = "coverage-5.5-cp27-cp27m-manylinux1_i686.whl", hash = "sha256:b7895207b4c843c76a25ab8c1e866261bcfe27bfaa20c192de5190121770672b"},
    {file = "coverage-5.5-cp27-cp27m-manylinux1_x86_64.whl", hash = "sha256:c2723d347ab06e7ddad1a58b2a821218239249a9e4365eaff6649d31180c1669"},
    {file = "coverage-5.5-cp27-cp27m-manylinux2010_i686.whl", hash = "sha256:900fbf7759501bc7807fd6638c947d7a831fc9fdf742dc10f02956ff7220fa90"},
    {file = "coverage-5.5-cp27-cp27m-manylinux2010_x86_64.whl", hash = "sha256:004d1880bed2d97151facef49f08e255a20ceb6f9432df75f4eef018fdd5a78c"},
    {file = "coverage-5.5-cp27-cp27m-win32.whl", hash = "sha256:06191eb60f8d8a5bc046f3799f8a07a2d7aefb9504b0209aff0b47298333302a"},
    {file = "coverage-5.5-cp27-cp27m-win_amd64.whl", hash = "sha256:7501140f755b725495941b43347ba8a2777407fc7f250d4f5a7d2a1050ba8e82"},
    {file = "coverage-5.5-cp27-cp27mu-manylinux1_i686.whl", hash = "sha256:372da284cfd642d8e08ef606917846fa2ee350f64994bebfbd3afb0040436905"},
    {file = "coverage-5.5-cp27-cp27mu-manylinux1_x86_64.whl", hash = "sha256:8963a499849a1fc54b35b1c9f162f4108017b2e6db2c46c1bed93a72262ed083"},
    {file = "coverage-5.5-cp27-cp27mu-manylinux2010_i686.whl", hash = "sha256:869a64f53488f40fa5b5b9dcb9e9b2962a66a87dab37790f3fcfb5144b996ef5"},
    {file = "coverage-5.5-cp27-cp27mu-manylinux2010_x86_64.whl", hash = "sha256:4a7697d8cb0f27399b0e393c0b90f0f1e40c82023ea4d45d22bce7032a5d7b81"},
    {file = "coverage-5.5-cp310-cp310-macosx_10_14_x86_64.whl", hash = "sha256:8d0a0725ad7c1a0bcd8d1b437e191107d457e2ec1084b9f190630a4fb1af78e6"},
    {file = "coverage-5.5-cp310-cp310-manylinux1_x86_64.whl", hash = "sha256:51cb9476a3987c8967ebab3f0fe144819781fca264f57f89760037a2ea191cb0"},
    {file = "coverage-5.5-cp310-cp310-win_amd64.whl", hash = "sha256:c0891a6a97b09c1f3e073a890514d5012eb256845c451bd48f7968ef939bf4ae"},
    {file = "coverage-5.5-cp35-cp35m-macosx_10_9_x86_64.whl", hash = "sha256:3487286bc29a5aa4b93a072e9592f22254291ce96a9fbc5251f566b6b7343cdb"},
    {file = "coverage-5.5-cp35-cp35m-manylinux1_i686.whl", hash = "sha256:deee1077aae10d8fa88cb02c845cfba9b62c55e1183f52f6ae6a2df6a2187160"},
    {file = "coverage-5.5-cp35-cp35m-manylinux1_x86_64.whl", hash = "sha256:f11642dddbb0253cc8853254301b51390ba0081750a8ac03f20ea8103f0c56b6"},
    {file = "coverage-5.5-cp35-cp35m-manylinux2010_i686.whl", hash = "sha256:6c90e11318f0d3c436a42409f2749ee1a115cd8b067d7f14c148f1ce5574d701"},
    {file = "coverage-5.5-cp35-cp35m-manylinux2010_x86_64.whl", hash = "sha256:30c77c1dc9f253283e34c27935fded5015f7d1abe83bc7821680ac444eaf7793"},
    {file = "coverage-5.5-cp35-cp35m-win32.whl", hash = "sha256:9a1ef3b66e38ef8618ce5fdc7bea3d9f45f3624e2a66295eea5e57966c85909e"},
    {file = "coverage-5.5-cp35-cp35m-win_amd64.whl", hash = "sha256:972c85d205b51e30e59525694670de6a8a89691186012535f9d7dbaa230e42c3"},
    {file = "coverage-5.5-cp36-cp36m-macosx_10_9_x86_64.whl", hash = "sha256:af0e781009aaf59e25c5a678122391cb0f345ac0ec272c7961dc5455e1c40066"},
    {file = "coverage-5.5-cp36-cp36m-manylinux1_i686.whl", hash = "sha256:74d881fc777ebb11c63736622b60cb9e4aee5cace591ce274fb69e582a12a61a"},
    {file = "coverage-5.5-cp36-cp36m-manylinux1_x86_64.whl", hash = "sha256:92b017ce34b68a7d67bd6d117e6d443a9bf63a2ecf8567bb3d8c6c7bc5014465"},
    {file = "coverage-5.5-cp36-cp36m-manylinux2010_i686.whl", hash = "sha256:d636598c8305e1f90b439dbf4f66437de4a5e3c31fdf47ad29542478c8508bbb"},
    {file = "coverage-5.5-cp36-cp36m-manylinux2010_x86_64.whl", hash = "sha256:41179b8a845742d1eb60449bdb2992196e211341818565abded11cfa90efb821"},
    {file = "coverage-5.5-cp36-cp36m-win32.whl", hash = "sha256:040af6c32813fa3eae5305d53f18875bedd079960822ef8ec067a66dd8afcd45"},
    {file = "coverage-5.5-cp36-cp36m-win_amd64.whl", hash = "sha256:5fec2d43a2cc6965edc0bb9e83e1e4b557f76f843a77a2496cbe719583ce8184"},
    {file = "coverage-5.5-cp37-cp37m-macosx_10_9_x86_64.whl", hash = "sha256:18ba8bbede96a2c3dde7b868de9dcbd55670690af0988713f0603f037848418a"},
    {file = "coverage-5.5-cp37-cp37m-manylinux1_i686.whl", hash = "sha256:2910f4d36a6a9b4214bb7038d537f015346f413a975d57ca6b43bf23d6563b53"},
    {file = "coverage-5.5-cp37-cp37m-manylinux1_x86_64.whl", hash = "sha256:f0b278ce10936db1a37e6954e15a3730bea96a0997c26d7fee88e6c396c2086d"},
    {file = "coverage-5.5-cp37-cp37m-manylinux2010_i686.whl", hash = "sha256:796c9c3c79747146ebd278dbe1e5c5c05dd6b10cc3bcb8389dfdf844f3ead638"},
    {file = "coverage-5.5-cp37-cp37m-manylinux2010_x86_64.whl", hash = "sha256:53194af30d5bad77fcba80e23a1441c71abfb3e01192034f8246e0d8f99528f3"},
    {file = "coverage-5.5-cp37-cp37m-win32.whl", hash = "sha256:184a47bbe0aa6400ed2d41d8e9ed868b8205046518c52464fde713ea06e3a74a"},
    {file = "coverage-5.5-cp37-cp37m-win_amd64.whl", hash = "sha256:2949cad1c5208b8298d5686d5a85b66aae46d73eec2c3e08c817dd3513e5848a"},
    {file = "coverage-5.5-cp38-cp38-macosx_10_9_x86_64.whl", hash = "sha256:217658ec7187497e3f3ebd901afdca1af062b42cfe3e0dafea4cced3983739f6"},
    {file = "coverage-5.5-cp38-cp38-manylinux1_i686.whl", hash = "sha256:1aa846f56c3d49205c952d8318e76ccc2ae23303351d9270ab220004c580cfe2"},
    {file = "coverage-5.5-cp38-cp38-manylinux1_x86_64.whl", hash = "sha256:24d4a7de75446be83244eabbff746d66b9240ae020ced65d060815fac3423759"},
    {file = "coverage-5.5-cp38-cp38-manylinux2010_i686.whl", hash = "sha256:d1f8bf7b90ba55699b3a5e44930e93ff0189aa27186e96071fac7dd0d06a1873"},
    {file = "coverage-5.5-cp38-cp38-manylinux2010_x86_64.whl", hash = "sha256:970284a88b99673ccb2e4e334cfb38a10aab7cd44f7457564d11898a74b62d0a"},
    {file = "coverage-5.5-cp38-cp38-win32.whl", hash = "sha256:01d84219b5cdbfc8122223b39a954820929497a1cb1422824bb86b07b74594b6"},
    {file = "coverage-5.5-cp38-cp38-win_amd64.whl", hash = "sha256:2e0d881ad471768bf6e6c2bf905d183543f10098e3b3640fc029509530091502"},
    {file = "coverage-5.5-cp39-cp39-macosx_10_9_x86_64.whl", hash = "sha256:d1f9ce122f83b2305592c11d64f181b87153fc2c2bbd3bb4a3dde8303cfb1a6b"},
    {file = "coverage-5.5-cp39-cp39-manylinux1_i686.whl", hash = "sha256:13c4ee887eca0f4c5a247b75398d4114c37882658300e153113dafb1d76de529"},
    {file = "coverage-5.5-cp39-cp39-manylinux1_x86_64.whl", hash = "sha256:52596d3d0e8bdf3af43db3e9ba8dcdaac724ba7b5ca3f6358529d56f7a166f8b"},
    {file = "coverage-5.5-cp39-cp39-manylinux2010_i686.whl", hash = "sha256:2cafbbb3af0733db200c9b5f798d18953b1a304d3f86a938367de1567f4b5bff"},
    {file = "coverage-5.5-cp39-cp39-manylinux2010_x86_64.whl", hash = "sha256:44d654437b8ddd9eee7d1eaee28b7219bec228520ff809af170488fd2fed3e2b"},
    {file = "coverage-5.5-cp39-cp39-win32.whl", hash = "sha256:d314ed732c25d29775e84a960c3c60808b682c08d86602ec2c3008e1202e3bb6"},
    {file = "coverage-5.5-cp39-cp39-win_amd64.whl", hash = "sha256:13034c4409db851670bc9acd836243aeee299949bd5673e11844befcb0149f03"},
    {file = "coverage-5.5-pp36-none-any.whl", hash = "sha256:f030f8873312a16414c0d8e1a1ddff2d3235655a2174e3648b4fa66b3f2f1079"},
    {file = "coverage-5.5-pp37-none-any.whl", hash = "sha256:2a3859cb82dcbda1cfd3e6f71c27081d18aa251d20a17d87d26d4cd216fb0af4"},
    {file = "coverage-5.5.tar.gz", hash = "sha256:ebe78fe9a0e874362175b02371bdfbee64d8edc42a044253ddf4ee7d3c15212c"},
]
docker = [
    {file = "docker-4.4.4-py2.py3-none-any.whl", hash = "sha256:f3607d5695be025fa405a12aca2e5df702a57db63790c73b927eb6a94aac60af"},
    {file = "docker-4.4.4.tar.gz", hash = "sha256:d3393c878f575d3a9ca3b94471a3c89a6d960b35feb92f033c0de36cc9d934db"},
]
elasticsearch = [
    {file = "elasticsearch-6.8.1-py2.py3-none-any.whl", hash = "sha256:540d633afcc0a32972e4b489c4559c9a96e294850853238f7a18b1cbd267c2ed"},
    {file = "elasticsearch-6.8.1.tar.gz", hash = "sha256:a8062a00b61bc7babeea028530667583a68ecb1a9f59ab0b22ff7feaf70d3564"},
]
flake8 = [
    {file = "flake8-3.9.0-py2.py3-none-any.whl", hash = "sha256:12d05ab02614b6aee8df7c36b97d1a3b2372761222b19b58621355e82acddcff"},
    {file = "flake8-3.9.0.tar.gz", hash = "sha256:78873e372b12b093da7b5e5ed302e8ad9e988b38b063b61ad937f26ca58fc5f0"},
]
flaky = [
    {file = "flaky-3.7.0-py2.py3-none-any.whl", hash = "sha256:d6eda73cab5ae7364504b7c44670f70abed9e75f77dd116352f662817592ec9c"},
    {file = "flaky-3.7.0.tar.gz", hash = "sha256:3ad100780721a1911f57a165809b7ea265a7863305acb66708220820caf8aa0d"},
]
gitdb = [
    {file = "gitdb-4.0.7-py3-none-any.whl", hash = "sha256:6c4cc71933456991da20917998acbe6cf4fb41eeaab7d6d67fbc05ecd4c865b0"},
    {file = "gitdb-4.0.7.tar.gz", hash = "sha256:96bf5c08b157a666fec41129e6d327235284cca4c81e92109260f353ba138005"},
]
gitpython = [
    {file = "GitPython-3.1.14-py3-none-any.whl", hash = "sha256:3283ae2fba31c913d857e12e5ba5f9a7772bbc064ae2bb09efafa71b0dd4939b"},
    {file = "GitPython-3.1.14.tar.gz", hash = "sha256:be27633e7509e58391f10207cd32b2a6cf5b908f92d9cd30da2e514e1137af61"},
]
idna = [
    {file = "idna-2.10-py2.py3-none-any.whl", hash = "sha256:b97d804b1e9b523befed77c48dacec60e6dcb0b5391d57af6a65a312a90648c0"},
    {file = "idna-2.10.tar.gz", hash = "sha256:b307872f855b18632ce0c21c5e45be78c0ea7ae4c15c828c20788b26921eb3f6"},
]
importlib-metadata = [
    {file = "importlib_metadata-2.1.1-py2.py3-none-any.whl", hash = "sha256:c2d6341ff566f609e89a2acb2db190e5e1d23d5409d6cc8d2fe34d72443876d4"},
    {file = "importlib_metadata-2.1.1.tar.gz", hash = "sha256:b8de9eff2b35fb037368f28a7df1df4e6436f578fa74423505b6c6a778d5b5dd"},
]
iniconfig = [
    {file = "iniconfig-1.1.1-py2.py3-none-any.whl", hash = "sha256:011e24c64b7f47f6ebd835bb12a743f2fbe9a26d4cecaa7f53bc4f35ee9da8b3"},
    {file = "iniconfig-1.1.1.tar.gz", hash = "sha256:bc3af051d7d14b2ee5ef9969666def0cd1a000e121eaea580d4a313df4b37f32"},
]
jmespath = [
    {file = "jmespath-0.10.0-py2.py3-none-any.whl", hash = "sha256:cdf6525904cc597730141d61b36f2e4b8ecc257c420fa2f4549bac2c2d0cb72f"},
    {file = "jmespath-0.10.0.tar.gz", hash = "sha256:b85d0567b8666149a93172712e68920734333c0ce7e89b78b3e987f71e5ed4f9"},
]
mccabe = [
    {file = "mccabe-0.6.1-py2.py3-none-any.whl", hash = "sha256:ab8a6258860da4b6677da4bd2fe5dc2c659cff31b3ee4f7f5d64e79735b80d42"},
    {file = "mccabe-0.6.1.tar.gz", hash = "sha256:dd8d182285a0fe56bace7f45b5e7d1a6ebcbf524e8f3bd87eb0f125271b8831f"},
]
mypy-boto3 = [
    {file = "mypy-boto3-1.10.40.0.tar.gz", hash = "sha256:b27aef7b3c599a131655c88803020e14270eff913836bf19ec3de982bcb5ab95"},
]
packaging = [
    {file = "packaging-20.9-py2.py3-none-any.whl", hash = "sha256:67714da7f7bc052e064859c05c595155bd1ee9f69f76557e21f051443c20947a"},
    {file = "packaging-20.9.tar.gz", hash = "sha256:5b327ac1320dc863dca72f4514ecc086f31186744b84a230374cc1fd776feae5"},
]
pathlib2 = [
    {file = "pathlib2-2.3.5-py2.py3-none-any.whl", hash = "sha256:0ec8205a157c80d7acc301c0b18fbd5d44fe655968f5d947b6ecef5290fc35db"},
    {file = "pathlib2-2.3.5.tar.gz", hash = "sha256:6cd9a47b597b37cc57de1c05e56fb1a1c9cc9fab04fe78c29acd090418529868"},
]
pluggy = [
    {file = "pluggy-0.13.1-py2.py3-none-any.whl", hash = "sha256:966c145cd83c96502c3c3868f50408687b38434af77734af1e9ca461a4081d2d"},
    {file = "pluggy-0.13.1.tar.gz", hash = "sha256:15b2acde666561e1298d71b523007ed7364de07029219b604cf808bfa1c765b0"},
]
py = [
    {file = "py-1.10.0-py2.py3-none-any.whl", hash = "sha256:3b80836aa6d1feeaa108e046da6423ab8f6ceda6468545ae8d02d9d58d18818a"},
    {file = "py-1.10.0.tar.gz", hash = "sha256:21b81bda15b66ef5e1a777a21c4dcd9c20ad3efd0b3f817e7a809035269e1bd3"},
]
pycodestyle = [
    {file = "pycodestyle-2.7.0-py2.py3-none-any.whl", hash = "sha256:514f76d918fcc0b55c6680472f0a37970994e07bbb80725808c17089be302068"},
    {file = "pycodestyle-2.7.0.tar.gz", hash = "sha256:c389c1d06bf7904078ca03399a4816f974a1d590090fecea0c63ec26ebaf1cef"},
]
pyflakes = [
    {file = "pyflakes-2.3.1-py2.py3-none-any.whl", hash = "sha256:7893783d01b8a89811dd72d7dfd4d84ff098e5eed95cfa8905b22bbffe52efc3"},
    {file = "pyflakes-2.3.1.tar.gz", hash = "sha256:f5bc8ecabc05bb9d291eb5203d6810b49040f6ff446a756326104746cc00c1db"},
]
pyparsing = [
    {file = "pyparsing-2.4.7-py2.py3-none-any.whl", hash = "sha256:ef9d7589ef3c200abe66653d3f1ab1033c3c419ae9b9bdb1240a85b024efc88b"},
    {file = "pyparsing-2.4.7.tar.gz", hash = "sha256:c203ec8783bf771a155b207279b9bccb8dea02d8f0c9e5f8ead507bc3246ecc1"},
]
pytest = [
    {file = "pytest-6.1.2-py3-none-any.whl", hash = "sha256:4288fed0d9153d9646bfcdf0c0428197dba1ecb27a33bb6e031d002fa88653fe"},
    {file = "pytest-6.1.2.tar.gz", hash = "sha256:c0a7e94a8cdbc5422a51ccdad8e6f1024795939cc89159a0ae7f0b316ad3823e"},
]
pytest-cov = [
    {file = "pytest-cov-2.11.1.tar.gz", hash = "sha256:359952d9d39b9f822d9d29324483e7ba04a3a17dd7d05aa6beb7ea01e359e5f7"},
    {file = "pytest_cov-2.11.1-py2.py3-none-any.whl", hash = "sha256:bdb9fdb0b85a7cc825269a4c56b48ccaa5c7e365054b6038772c32ddcdc969da"},
]
pytest-mock = [
    {file = "pytest-mock-3.5.1.tar.gz", hash = "sha256:a1e2aba6af9560d313c642dae7e00a2a12b022b80301d9d7fc8ec6858e1dd9fc"},
    {file = "pytest_mock-3.5.1-py3-none-any.whl", hash = "sha256:379b391cfad22422ea2e252bdfc008edd08509029bcde3c25b2c0bd741e0424e"},
]
pytest-runner = [
    {file = "pytest-runner-5.2.tar.gz", hash = "sha256:96c7e73ead7b93e388c5d614770d2bae6526efd997757d3543fe17b557a0942b"},
    {file = "pytest_runner-5.2-py2.py3-none-any.whl", hash = "sha256:5534b08b133ef9a5e2c22c7886a8f8508c95bb0b0bdc6cc13214f269c3c70d51"},
]
python-dateutil = [
    {file = "python-dateutil-2.8.1.tar.gz", hash = "sha256:73ebfe9dbf22e832286dafa60473e4cd239f8592f699aa5adaf10050e6e1823c"},
    {file = "python_dateutil-2.8.1-py2.py3-none-any.whl", hash = "sha256:75bb3f31ea686f1197762692a9ee6a7550b59fc6ca3a1f4b5d7e32fb98e2da2a"},
]
pytz = [
    {file = "pytz-2021.1-py2.py3-none-any.whl", hash = "sha256:eb10ce3e7736052ed3623d49975ce333bcd712c7bb19a58b9e2089d4057d0798"},
    {file = "pytz-2021.1.tar.gz", hash = "sha256:83a4a90894bf38e243cf052c8b58f381bfe9a7a483f6a9cab140bc7f702ac4da"},
]
pywin32 = [
    {file = "pywin32-227-cp27-cp27m-win32.whl", hash = "sha256:371fcc39416d736401f0274dd64c2302728c9e034808e37381b5e1b22be4a6b0"},
    {file = "pywin32-227-cp27-cp27m-win_amd64.whl", hash = "sha256:4cdad3e84191194ea6d0dd1b1b9bdda574ff563177d2adf2b4efec2a244fa116"},
    {file = "pywin32-227-cp35-cp35m-win32.whl", hash = "sha256:f4c5be1a293bae0076d93c88f37ee8da68136744588bc5e2be2f299a34ceb7aa"},
    {file = "pywin32-227-cp35-cp35m-win_amd64.whl", hash = "sha256:a929a4af626e530383a579431b70e512e736e9588106715215bf685a3ea508d4"},
    {file = "pywin32-227-cp36-cp36m-win32.whl", hash = "sha256:300a2db938e98c3e7e2093e4491439e62287d0d493fe07cce110db070b54c0be"},
    {file = "pywin32-227-cp36-cp36m-win_amd64.whl", hash = "sha256:9b31e009564fb95db160f154e2aa195ed66bcc4c058ed72850d047141b36f3a2"},
    {file = "pywin32-227-cp37-cp37m-win32.whl", hash = "sha256:47a3c7551376a865dd8d095a98deba954a98f326c6fe3c72d8726ca6e6b15507"},
    {file = "pywin32-227-cp37-cp37m-win_amd64.whl", hash = "sha256:31f88a89139cb2adc40f8f0e65ee56a8c585f629974f9e07622ba80199057511"},
    {file = "pywin32-227-cp38-cp38-win32.whl", hash = "sha256:7f18199fbf29ca99dff10e1f09451582ae9e372a892ff03a28528a24d55875bc"},
    {file = "pywin32-227-cp38-cp38-win_amd64.whl", hash = "sha256:7c1ae32c489dc012930787f06244426f8356e129184a02c25aef163917ce158e"},
    {file = "pywin32-227-cp39-cp39-win32.whl", hash = "sha256:c054c52ba46e7eb6b7d7dfae4dbd987a1bb48ee86debe3f245a2884ece46e295"},
    {file = "pywin32-227-cp39-cp39-win_amd64.whl", hash = "sha256:f27cec5e7f588c3d1051651830ecc00294f90728d19c3bf6916e6dba93ea357c"},
]
requests = [
    {file = "requests-2.25.1-py2.py3-none-any.whl", hash = "sha256:c210084e36a42ae6b9219e00e48287def368a26d03a048ddad7bfee44f75871e"},
    {file = "requests-2.25.1.tar.gz", hash = "sha256:27973dd4a904a4f13b263a19c866c13b92a39ed1c964655f025f3f8d3d75b804"},
]
s3transfer = [
    {file = "s3transfer-0.3.6-py2.py3-none-any.whl", hash = "sha256:5d48b1fd2232141a9d5fb279709117aaba506cacea7f86f11bc392f06bfa8fc2"},
    {file = "s3transfer-0.3.6.tar.gz", hash = "sha256:c5dadf598762899d8cfaecf68eba649cd25b0ce93b6c954b156aaa3eed160547"},
]
six = [
    {file = "six-1.15.0-py2.py3-none-any.whl", hash = "sha256:8b74bedcbbbaca38ff6d7491d76f2b06b3592611af620f8426e82dddb04a5ced"},
    {file = "six-1.15.0.tar.gz", hash = "sha256:30639c035cdb23534cd4aa2dd52c3bf48f06e5f4a941509c8bafd8ce11080259"},
]
smmap = [
    {file = "smmap-4.0.0-py2.py3-none-any.whl", hash = "sha256:a9a7479e4c572e2e775c404dcd3080c8dc49f39918c2cf74913d30c4c478e3c2"},
    {file = "smmap-4.0.0.tar.gz", hash = "sha256:7e65386bd122d45405ddf795637b7f7d2b532e7e401d46bbe3fb49b9986d5182"},
]
soupsieve = [
    {file = "soupsieve-2.1-py3-none-any.whl", hash = "sha256:4bb21a6ee4707bf43b61230e80740e71bfe56e55d1f1f50924b087bb2975c851"},
    {file = "soupsieve-2.1.tar.gz", hash = "sha256:6dc52924dc0bc710a5d16794e6b3480b2c7c08b07729505feab2b2c16661ff6e"},
]
structlog = [
    {file = "structlog-19.2.0-py2.py3-none-any.whl", hash = "sha256:6640e6690fc31d5949bc614c1a630464d3aaa625284aeb7c6e486c3010d73e12"},
    {file = "structlog-19.2.0.tar.gz", hash = "sha256:4287058cf4ce1a59bc5dea290d6386d37f29a37529c9a51cdf7387e51710152b"},
]
toml = [
    {file = "toml-0.10.2-py2.py3-none-any.whl", hash = "sha256:806143ae5bfb6a3c6e736a764057db0e6a0e05e338b5630894a5f779cabb4f9b"},
    {file = "toml-0.10.2.tar.gz", hash = "sha256:b3bda1d108d5dd99f4a20d24d9c348e91c4db7ab1b749200bded2f839ccbe68f"},
]
typing-extensions = [
    {file = "typing_extensions-3.7.4.3-py2-none-any.whl", hash = "sha256:dafc7639cde7f1b6e1acc0f457842a83e722ccca8eef5270af2d74792619a89f"},
    {file = "typing_extensions-3.7.4.3-py3-none-any.whl", hash = "sha256:7cb407020f00f7bfc3cb3e7881628838e69d8f3fcab2f64742a5e76b2f841918"},
    {file = "typing_extensions-3.7.4.3.tar.gz", hash = "sha256:99d4073b617d30288f569d3f13d2bd7548c3a7e4c8de87db09a9d29bb3a4a60c"},
]
urllib3 = [
    {file = "urllib3-1.26.4-py2.py3-none-any.whl", hash = "sha256:2f4da4594db7e1e110a944bb1b551fdf4e6c136ad42e4234131391e21eb5b0df"},
    {file = "urllib3-1.26.4.tar.gz", hash = "sha256:e7b021f7241115872f92f43c6508082facffbd1c048e3c6e2bb9c2a157e28937"},
]
waitress = [
    {file = "waitress-1.4.4-py2.py3-none-any.whl", hash = "sha256:3d633e78149eb83b60a07dfabb35579c29aac2d24bb803c18b26fb2ab1a584db"},
    {file = "waitress-1.4.4.tar.gz", hash = "sha256:1bb436508a7487ac6cb097ae7a7fe5413aefca610550baf58f0940e51ecfb261"},
]
webob = [
    {file = "WebOb-1.8.7-py2.py3-none-any.whl", hash = "sha256:73aae30359291c14fa3b956f8b5ca31960e420c28c1bec002547fb04928cf89b"},
    {file = "WebOb-1.8.7.tar.gz", hash = "sha256:b64ef5141be559cfade448f044fa45c2260351edcb6a8ef6b7e00c7dcef0c323"},
]
websocket-client = [
    {file = "websocket_client-0.58.0-py2.py3-none-any.whl", hash = "sha256:44b5df8f08c74c3d82d28100fdc81f4536809ce98a17f0757557813275fbb663"},
    {file = "websocket_client-0.58.0.tar.gz", hash = "sha256:63509b41d158ae5b7f67eb4ad20fecbb4eee99434e73e140354dc3ff8e09716f"},
]
webtest = [
    {file = "WebTest-2.0.35-py2.py3-none-any.whl", hash = "sha256:44ddfe99b5eca4cf07675e7222c81dd624d22f9a26035d2b93dc8862dc1153c6"},
    {file = "WebTest-2.0.35.tar.gz", hash = "sha256:aac168b5b2b4f200af4e35867cf316712210e3d5db81c1cbdff38722647bb087"},
]
zipp = [
    {file = "zipp-1.2.0-py2.py3-none-any.whl", hash = "sha256:e0d9e63797e483a30d27e09fffd308c59a700d365ec34e93cc100844168bf921"},
    {file = "zipp-1.2.0.tar.gz", hash = "sha256:c70410551488251b0fee67b460fb9a536af8d6f9f008ad10ac51f615b6a521b1"},
]
